schema: '2.0'
stages:
  get_data:
    cmd: python src/get_data.py
    deps:
    - path: src/get_data.py
      md5: 7d819020a3a531ea1c994135f367d87c
      size: 524
    outs:
    - path: data/02_part/raw/SeoulBikeData.csv
      md5: 4ec879231f9c38e97dd87049bdb61c18
      size: 604166
  prepare:
    cmd: python src/prepare_data.py
    deps:
    - path: data/02_part/raw/SeoulBikeData.csv
      md5: 4ec879231f9c38e97dd87049bdb61c18
      size: 604166
    - path: src/prepare_data.py
      md5: dbe0fffa303f224a4d17f2f1d2794496
      size: 2025
    outs:
    - path: data/02_part/interim/clean_data.parquet
      md5: 81cc5b8d93c821b74d82f0ef87a00800
      size: 166815
  split_data:
    cmd: python src/split_data.py
    deps:
    - path: data/02_part/interim/clean_data.parquet
      md5: 81cc5b8d93c821b74d82f0ef87a00800
      size: 166815
    - path: src/split_data.py
      md5: d22d539b8d989f679844fde47d1123d9
      size: 963
    outs:
    - path: data/02_part/processed/test.parquet
      md5: 3657016fd79c2ea60dc274505478f06d
      size: 54939
    - path: data/02_part/processed/train.parquet
      md5: 1af5171f3c2a27235b47965388185eac
      size: 91334
  train:
    cmd: python src/train_model.py
    deps:
    - path: data/02_part/processed/train.parquet
      md5: 1af5171f3c2a27235b47965388185eac
      size: 91334
    - path: src/train_model.py
      md5: c1ad492bd8e2df9419b5c031e63cb593
      size: 1177
    outs:
    - path: models/rf_model.pkl
      md5: 4962aa507e598fe6b343ad4ba00a011a
      size: 98364088
  evaluate:
    cmd: python src/evaluate_model.py
    deps:
    - path: data/02_part/processed/test.parquet
      md5: 3657016fd79c2ea60dc274505478f06d
      size: 54939
    - path: models/rf_model.pkl
      md5: 4962aa507e598fe6b343ad4ba00a011a
      size: 98364088
    - path: src/evaluate_model.py
      md5: 51d7e4eb97d9c6959fb36c80657c50ea
      size: 1494
    outs:
    - path: reports/metrics.json
      md5: 9db46f02890504e3d7b380fc8b3366a9
      size: 93
